
Microsoft Visual Studio Solution File, Format Version 12.00
# Visual Studio Version 17
VisualStudioVersion = 17.12.35527.113
MinimumVisualStudioVersion = 10.0.40219.1
Project("{FAE04EC0-301F-11D3-BF4B-00C04F79EFBC}") = "Museum.UI", "Museum.UI\Museum.UI.csproj", "{2F7257CD-BE29-410B-98CB-72BECAFBD4C5}"
EndProject
Project("{FAE04EC0-301F-11D3-BF4B-00C04F79EFBC}") = "Museum.API", "Museum.API\Museum.API.csproj", "{931FEAB3-693C-4DC1-B8C6-633B83BE28D8}"
EndProject
Project("{FAE04EC0-301F-11D3-BF4B-00C04F79EFBC}") = "Museum.Data", "Museum.Data\Museum.Data.csproj", "{A575211E-D2E8-41AA-8C0E-489E76767D6A}"
EndProject
Global
	GlobalSection(SolutionConfigurationPlatforms) = preSolution
		Debug|Any CPU = Debug|Any CPU
		Release|Any CPU = Release|Any CPU
	EndGlobalSection
	GlobalSection(ProjectConfigurationPlatforms) = postSolution
		{2F7257CD-BE29-410B-98CB-72BECAFBD4C5}.Debug|Any CPU.ActiveCfg = Debug|Any CPU
		{2F7257CD-BE29-410B-98CB-72BECAFBD4C5}.Debug|Any CPU.Build.0 = Debug|Any CPU
		{2F7257CD-BE29-410B-98CB-72BECAFBD4C5}.Release|Any CPU.ActiveCfg = Release|Any CPU
		{2F7257CD-BE29-410B-98CB-72BECAFBD4C5}.Release|Any CPU.Build.0 = Release|Any CPU
		{931FEAB3-693C-4DC1-B8C6-633B83BE28D8}.Debug|Any CPU.ActiveCfg = Debug|Any CPU
		{931FEAB3-693C-4DC1-B8C6-633B83BE28D8}.Debug|Any CPU.Build.0 = Debug|Any CPU
		{931FEAB3-693C-4DC1-B8C6-633B83BE28D8}.Release|Any CPU.ActiveCfg = Release|Any CPU
		{931FEAB3-693C-4DC1-B8C6-633B83BE28D8}.Release|Any CPU.Build.0 = Release|Any CPU
		{A575211E-D2E8-41AA-8C0E-489E76767D6A}.Debug|Any CPU.ActiveCfg = Debug|Any CPU
		{A575211E-D2E8-41AA-8C0E-489E76767D6A}.Debug|Any CPU.Build.0 = Debug|Any CPU
		{A575211E-D2E8-41AA-8C0E-489E76767D6A}.Release|Any CPU.ActiveCfg = Release|Any CPU
		{A575211E-D2E8-41AA-8C0E-489E76767D6A}.Release|Any CPU.Build.0 = Release|Any CPU
	EndGlobalSection
	GlobalSection(SolutionProperties) = preSolution
		HideSolutionNode = FALSE
	EndGlobalSection
EndGlobal
